
Microsoft Visual Studio Solution File, Format Version 12.00
# Visual Studio 14
VisualStudioVersion = 14.0.25123.0
MinimumVisualStudioVersion = 10.0.40219.1
Project("{FAE04EC0-301F-11D3-BF4B-00C04F79EFBC}") = "XFEventToCommandBehavior", "XFEventToCommandBehavior\XFEventToCommandBehavior.csproj", "{67F9D3A8-F71E-4428-913F-C37AE82CDB24}"
EndProject
Project("{FAE04EC0-301F-11D3-BF4B-00C04F79EFBC}") = "XFEventToCommandBehavior.Sample", "XFEventToCommandBehavior.Sample\XFEventToCommandBehavior.Sample\XFEventToCommandBehavior.Sample.csproj", "{B6E58C88-0078-47BA-A868-76612AEE0E48}"
EndProject
Project("{FAE04EC0-301F-11D3-BF4B-00C04F79EFBC}") = "XFEventToCommandBehavior.Sample.Droid", "XFEventToCommandBehavior.Sample\XFEventToCommandBehavior.Sample.Droid\XFEventToCommandBehavior.Sample.Droid.csproj", "{97842CDD-C9D4-4D46-8624-F795A4A57894}"
EndProject
Project("{FAE04EC0-301F-11D3-BF4B-00C04F79EFBC}") = "XFEventToCommandBehavior.Sample.iOS", "XFEventToCommandBehavior.Sample\XFEventToCommandBehavior.Sample.iOS\XFEventToCommandBehavior.Sample.iOS.csproj", "{C32902EE-D0A6-491C-8F3B-D66D9EB5D449}"
EndProject
Project("{FAE04EC0-301F-11D3-BF4B-00C04F79EFBC}") = "XFEventToCommandBehavior.Sample.UWP", "XFEventToCommandBehavior.Sample\XFEventToCommandBehavior.Sample.UWP\XFEventToCommandBehavior.Sample.UWP.csproj", "{06CDBC6E-539F-4E75-88E1-FBCEB130DD98}"
EndProject
Project("{FAE04EC0-301F-11D3-BF4B-00C04F79EFBC}") = "XFEventToCommandBehavior.Sample.Windows", "XFEventToCommandBehavior.Sample\XFEventToCommandBehavior.Sample.Windows\XFEventToCommandBehavior.Sample.Windows.csproj", "{4991CA57-DAA7-4A8E-A2F6-34C12CF3D384}"
EndProject
Project("{FAE04EC0-301F-11D3-BF4B-00C04F79EFBC}") = "XFEventToCommandBehavior.Sample.WinPhone", "XFEventToCommandBehavior.Sample\XFEventToCommandBehavior.Sample.WinPhone\XFEventToCommandBehavior.Sample.WinPhone.csproj", "{2EC2E5E0-FB5C-4A76-A0C2-182C17E09476}"
EndProject
Global
	GlobalSection(SolutionConfigurationPlatforms) = preSolution
		Ad-Hoc|Any CPU = Ad-Hoc|Any CPU
		Ad-Hoc|ARM = Ad-Hoc|ARM
		Ad-Hoc|iPhone = Ad-Hoc|iPhone
		Ad-Hoc|iPhoneSimulator = Ad-Hoc|iPhoneSimulator
		Ad-Hoc|x64 = Ad-Hoc|x64
		Ad-Hoc|x86 = Ad-Hoc|x86
		AppStore|Any CPU = AppStore|Any CPU
		AppStore|ARM = AppStore|ARM
		AppStore|iPhone = AppStore|iPhone
		AppStore|iPhoneSimulator = AppStore|iPhoneSimulator
		AppStore|x64 = AppStore|x64
		AppStore|x86 = AppStore|x86
		Debug|Any CPU = Debug|Any CPU
		Debug|ARM = Debug|ARM
		Debug|iPhone = Debug|iPhone
		Debug|iPhoneSimulator = Debug|iPhoneSimulator
		Debug|x64 = Debug|x64
		Debug|x86 = Debug|x86
		Release|Any CPU = Release|Any CPU
		Release|ARM = Release|ARM
		Release|iPhone = Release|iPhone
		Release|iPhoneSimulator = Release|iPhoneSimulator
		Release|x64 = Release|x64
		Release|x86 = Release|x86
	EndGlobalSection
	GlobalSection(ProjectConfigurationPlatforms) = postSolution
		{67F9D3A8-F71E-4428-913F-C37AE82CDB24}.Ad-Hoc|Any CPU.ActiveCfg = Release|Any CPU
		{67F9D3A8-F71E-4428-913F-C37AE82CDB24}.Ad-Hoc|Any CPU.Build.0 = Release|Any CPU
		{67F9D3A8-F71E-4428-913F-C37AE82CDB24}.Ad-Hoc|ARM.ActiveCfg = Release|Any CPU
		{67F9D3A8-F71E-4428-913F-C37AE82CDB24}.Ad-Hoc|ARM.Build.0 = Release|Any CPU
		{67F9D3A8-F71E-4428-913F-C37AE82CDB24}.Ad-Hoc|iPhone.ActiveCfg = Release|Any CPU
		{67F9D3A8-F71E-4428-913F-C37AE82CDB24}.Ad-Hoc|iPhone.Build.0 = Release|Any CPU
		{67F9D3A8-F71E-4428-913F-C37AE82CDB24}.Ad-Hoc|iPhoneSimulator.ActiveCfg = Release|Any CPU
		{67F9D3A8-F71E-4428-913F-C37AE82CDB24}.Ad-Hoc|iPhoneSimulator.Build.0 = Release|Any CPU
		{67F9D3A8-F71E-4428-913F-C37AE82CDB24}.Ad-Hoc|x64.ActiveCfg = Release|Any CPU
		{67F9D3A8-F71E-4428-913F-C37AE82CDB24}.Ad-Hoc|x64.Build.0 = Release|Any CPU
		{67F9D3A8-F71E-4428-913F-C37AE82CDB24}.Ad-Hoc|x86.ActiveCfg = Release|Any CPU
		{67F9D3A8-F71E-4428-913F-C37AE82CDB24}.Ad-Hoc|x86.Build.0 = Release|Any CPU
		{67F9D3A8-F71E-4428-913F-C37AE82CDB24}.AppStore|Any CPU.ActiveCfg = Release|Any CPU
		{67F9D3A8-F71E-4428-913F-C37AE82CDB24}.AppStore|Any CPU.Build.0 = Release|Any CPU
		{67F9D3A8-F71E-4428-913F-C37AE82CDB24}.AppStore|ARM.ActiveCfg = Release|Any CPU
		{67F9D3A8-F71E-4428-913F-C37AE82CDB24}.AppStore|ARM.Build.0 = Release|Any CPU
		{67F9D3A8-F71E-4428-913F-C37AE82CDB24}.AppStore|iPhone.ActiveCfg = Release|Any CPU
		{67F9D3A8-F71E-4428-913F-C37AE82CDB24}.AppStore|iPhone.Build.0 = Release|Any CPU
		{67F9D3A8-F71E-4428-913F-C37AE82CDB24}.AppStore|iPhoneSimulator.ActiveCfg = Release|Any CPU
		{67F9D3A8-F71E-4428-913F-C37AE82CDB24}.AppStore|iPhoneSimulator.Build.0 = Release|Any CPU
		{67F9D3A8-F71E-4428-913F-C37AE82CDB24}.AppStore|x64.ActiveCfg = Release|Any CPU
		{67F9D3A8-F71E-4428-913F-C37AE82CDB24}.AppStore|x64.Build.0 = Release|Any CPU
		{67F9D3A8-F71E-4428-913F-C37AE82CDB24}.AppStore|x86.ActiveCfg = Release|Any CPU
		{67F9D3A8-F71E-4428-913F-C37AE82CDB24}.AppStore|x86.Build.0 = Release|Any CPU
		{67F9D3A8-F71E-4428-913F-C37AE82CDB24}.Debug|Any CPU.ActiveCfg = Debug|Any CPU
		{67F9D3A8-F71E-4428-913F-C37AE82CDB24}.Debug|Any CPU.Build.0 = Debug|Any CPU
		{67F9D3A8-F71E-4428-913F-C37AE82CDB24}.Debug|ARM.ActiveCfg = Debug|Any CPU
		{67F9D3A8-F71E-4428-913F-C37AE82CDB24}.Debug|ARM.Build.0 = Debug|Any CPU
		{67F9D3A8-F71E-4428-913F-C37AE82CDB24}.Debug|iPhone.ActiveCfg = Debug|Any CPU
		{67F9D3A8-F71E-4428-913F-C37AE82CDB24}.Debug|iPhone.Build.0 = Debug|Any CPU
		{67F9D3A8-F71E-4428-913F-C37AE82CDB24}.Debug|iPhoneSimulator.ActiveCfg = Debug|Any CPU
		{67F9D3A8-F71E-4428-913F-C37AE82CDB24}.Debug|iPhoneSimulator.Build.0 = Debug|Any CPU
		{67F9D3A8-F71E-4428-913F-C37AE82CDB24}.Debug|x64.ActiveCfg = Debug|Any CPU
		{67F9D3A8-F71E-4428-913F-C37AE82CDB24}.Debug|x64.Build.0 = Debug|Any CPU
		{67F9D3A8-F71E-4428-913F-C37AE82CDB24}.Debug|x86.ActiveCfg = Debug|Any CPU
		{67F9D3A8-F71E-4428-913F-C37AE82CDB24}.Debug|x86.Build.0 = Debug|Any CPU
		{67F9D3A8-F71E-4428-913F-C37AE82CDB24}.Release|Any CPU.ActiveCfg = Release|Any CPU
		{67F9D3A8-F71E-4428-913F-C37AE82CDB24}.Release|Any CPU.Build.0 = Release|Any CPU
		{67F9D3A8-F71E-4428-913F-C37AE82CDB24}.Release|ARM.ActiveCfg = Release|Any CPU
		{67F9D3A8-F71E-4428-913F-C37AE82CDB24}.Release|ARM.Build.0 = Release|Any CPU
		{67F9D3A8-F71E-4428-913F-C37AE82CDB24}.Release|iPhone.ActiveCfg = Release|Any CPU
		{67F9D3A8-F71E-4428-913F-C37AE82CDB24}.Release|iPhone.Build.0 = Release|Any CPU
		{67F9D3A8-F71E-4428-913F-C37AE82CDB24}.Release|iPhoneSimulator.ActiveCfg = Release|Any CPU
		{67F9D3A8-F71E-4428-913F-C37AE82CDB24}.Release|iPhoneSimulator.Build.0 = Release|Any CPU
		{67F9D3A8-F71E-4428-913F-C37AE82CDB24}.Release|x64.ActiveCfg = Release|Any CPU
		{67F9D3A8-F71E-4428-913F-C37AE82CDB24}.Release|x64.Build.0 = Release|Any CPU
		{67F9D3A8-F71E-4428-913F-C37AE82CDB24}.Release|x86.ActiveCfg = Release|Any CPU
		{67F9D3A8-F71E-4428-913F-C37AE82CDB24}.Release|x86.Build.0 = Release|Any CPU
		{B6E58C88-0078-47BA-A868-76612AEE0E48}.Ad-Hoc|Any CPU.ActiveCfg = Release|Any CPU
		{B6E58C88-0078-47BA-A868-76612AEE0E48}.Ad-Hoc|Any CPU.Build.0 = Release|Any CPU
		{B6E58C88-0078-47BA-A868-76612AEE0E48}.Ad-Hoc|ARM.ActiveCfg = Release|Any CPU
		{B6E58C88-0078-47BA-A868-76612AEE0E48}.Ad-Hoc|ARM.Build.0 = Release|Any CPU
		{B6E58C88-0078-47BA-A868-76612AEE0E48}.Ad-Hoc|iPhone.ActiveCfg = Release|Any CPU
		{B6E58C88-0078-47BA-A868-76612AEE0E48}.Ad-Hoc|iPhone.Build.0 = Release|Any CPU
		{B6E58C88-0078-47BA-A868-76612AEE0E48}.Ad-Hoc|iPhoneSimulator.ActiveCfg = Release|Any CPU
		{B6E58C88-0078-47BA-A868-76612AEE0E48}.Ad-Hoc|iPhoneSimulator.Build.0 = Release|Any CPU
		{B6E58C88-0078-47BA-A868-76612AEE0E48}.Ad-Hoc|x64.ActiveCfg = Release|Any CPU
		{B6E58C88-0078-47BA-A868-76612AEE0E48}.Ad-Hoc|x64.Build.0 = Release|Any CPU
		{B6E58C88-0078-47BA-A868-76612AEE0E48}.Ad-Hoc|x86.ActiveCfg = Release|Any CPU
		{B6E58C88-0078-47BA-A868-76612AEE0E48}.Ad-Hoc|x86.Build.0 = Release|Any CPU
		{B6E58C88-0078-47BA-A868-76612AEE0E48}.AppStore|Any CPU.ActiveCfg = Release|Any CPU
		{B6E58C88-0078-47BA-A868-76612AEE0E48}.AppStore|Any CPU.Build.0 = Release|Any CPU
		{B6E58C88-0078-47BA-A868-76612AEE0E48}.AppStore|ARM.ActiveCfg = Release|Any CPU
		{B6E58C88-0078-47BA-A868-76612AEE0E48}.AppStore|ARM.Build.0 = Release|Any CPU
		{B6E58C88-0078-47BA-A868-76612AEE0E48}.AppStore|iPhone.ActiveCfg = Release|Any CPU
		{B6E58C88-0078-47BA-A868-76612AEE0E48}.AppStore|iPhone.Build.0 = Release|Any CPU
		{B6E58C88-0078-47BA-A868-76612AEE0E48}.AppStore|iPhoneSimulator.ActiveCfg = Release|Any CPU
		{B6E58C88-0078-47BA-A868-76612AEE0E48}.AppStore|iPhoneSimulator.Build.0 = Release|Any CPU
		{B6E58C88-0078-47BA-A868-76612AEE0E48}.AppStore|x64.ActiveCfg = Release|Any CPU
		{B6E58C88-0078-47BA-A868-76612AEE0E48}.AppStore|x64.Build.0 = Release|Any CPU
		{B6E58C88-0078-47BA-A868-76612AEE0E48}.AppStore|x86.ActiveCfg = Release|Any CPU
		{B6E58C88-0078-47BA-A868-76612AEE0E48}.AppStore|x86.Build.0 = Release|Any CPU
		{B6E58C88-0078-47BA-A868-76612AEE0E48}.Debug|Any CPU.ActiveCfg = Debug|Any CPU
		{B6E58C88-0078-47BA-A868-76612AEE0E48}.Debug|Any CPU.Build.0 = Debug|Any CPU
		{B6E58C88-0078-47BA-A868-76612AEE0E48}.Debug|ARM.ActiveCfg = Debug|Any CPU
		{B6E58C88-0078-47BA-A868-76612AEE0E48}.Debug|ARM.Build.0 = Debug|Any CPU
		{B6E58C88-0078-47BA-A868-76612AEE0E48}.Debug|iPhone.ActiveCfg = Debug|Any CPU
		{B6E58C88-0078-47BA-A868-76612AEE0E48}.Debug|iPhone.Build.0 = Debug|Any CPU
		{B6E58C88-0078-47BA-A868-76612AEE0E48}.Debug|iPhoneSimulator.ActiveCfg = Debug|Any CPU
		{B6E58C88-0078-47BA-A868-76612AEE0E48}.Debug|iPhoneSimulator.Build.0 = Debug|Any CPU
		{B6E58C88-0078-47BA-A868-76612AEE0E48}.Debug|x64.ActiveCfg = Debug|Any CPU
		{B6E58C88-0078-47BA-A868-76612AEE0E48}.Debug|x64.Build.0 = Debug|Any CPU
		{B6E58C88-0078-47BA-A868-76612AEE0E48}.Debug|x86.ActiveCfg = Debug|Any CPU
		{B6E58C88-0078-47BA-A868-76612AEE0E48}.Debug|x86.Build.0 = Debug|Any CPU
		{B6E58C88-0078-47BA-A868-76612AEE0E48}.Release|Any CPU.ActiveCfg = Release|Any CPU
		{B6E58C88-0078-47BA-A868-76612AEE0E48}.Release|Any CPU.Build.0 = Release|Any CPU
		{B6E58C88-0078-47BA-A868-76612AEE0E48}.Release|ARM.ActiveCfg = Release|Any CPU
		{B6E58C88-0078-47BA-A868-76612AEE0E48}.Release|ARM.Build.0 = Release|Any CPU
		{B6E58C88-0078-47BA-A868-76612AEE0E48}.Release|iPhone.ActiveCfg = Release|Any CPU
		{B6E58C88-0078-47BA-A868-76612AEE0E48}.Release|iPhone.Build.0 = Release|Any CPU
		{B6E58C88-0078-47BA-A868-76612AEE0E48}.Release|iPhoneSimulator.ActiveCfg = Release|Any CPU
		{B6E58C88-0078-47BA-A868-76612AEE0E48}.Release|iPhoneSimulator.Build.0 = Release|Any CPU
		{B6E58C88-0078-47BA-A868-76612AEE0E48}.Release|x64.ActiveCfg = Release|Any CPU
		{B6E58C88-0078-47BA-A868-76612AEE0E48}.Release|x64.Build.0 = Release|Any CPU
		{B6E58C88-0078-47BA-A868-76612AEE0E48}.Release|x86.ActiveCfg = Release|Any CPU
		{B6E58C88-0078-47BA-A868-76612AEE0E48}.Release|x86.Build.0 = Release|Any CPU
		{97842CDD-C9D4-4D46-8624-F795A4A57894}.Ad-Hoc|Any CPU.ActiveCfg = Release|Any CPU
		{97842CDD-C9D4-4D46-8624-F795A4A57894}.Ad-Hoc|Any CPU.Build.0 = Release|Any CPU
		{97842CDD-C9D4-4D46-8624-F795A4A57894}.Ad-Hoc|Any CPU.Deploy.0 = Release|Any CPU
		{97842CDD-C9D4-4D46-8624-F795A4A57894}.Ad-Hoc|ARM.ActiveCfg = Release|Any CPU
		{97842CDD-C9D4-4D46-8624-F795A4A57894}.Ad-Hoc|ARM.Build.0 = Release|Any CPU
		{97842CDD-C9D4-4D46-8624-F795A4A57894}.Ad-Hoc|ARM.Deploy.0 = Release|Any CPU
		{97842CDD-C9D4-4D46-8624-F795A4A57894}.Ad-Hoc|iPhone.ActiveCfg = Release|Any CPU
		{97842CDD-C9D4-4D46-8624-F795A4A57894}.Ad-Hoc|iPhone.Build.0 = Release|Any CPU
		{97842CDD-C9D4-4D46-8624-F795A4A57894}.Ad-Hoc|iPhone.Deploy.0 = Release|Any CPU
		{97842CDD-C9D4-4D46-8624-F795A4A57894}.Ad-Hoc|iPhoneSimulator.ActiveCfg = Release|Any CPU
		{97842CDD-C9D4-4D46-8624-F795A4A57894}.Ad-Hoc|iPhoneSimulator.Build.0 = Release|Any CPU
		{97842CDD-C9D4-4D46-8624-F795A4A57894}.Ad-Hoc|iPhoneSimulator.Deploy.0 = Release|Any CPU
		{97842CDD-C9D4-4D46-8624-F795A4A57894}.Ad-Hoc|x64.ActiveCfg = Release|Any CPU
		{97842CDD-C9D4-4D46-8624-F795A4A57894}.Ad-Hoc|x64.Build.0 = Release|Any CPU
		{97842CDD-C9D4-4D46-8624-F795A4A57894}.Ad-Hoc|x64.Deploy.0 = Release|Any CPU
		{97842CDD-C9D4-4D46-8624-F795A4A57894}.Ad-Hoc|x86.ActiveCfg = Release|Any CPU
		{97842CDD-C9D4-4D46-8624-F795A4A57894}.Ad-Hoc|x86.Build.0 = Release|Any CPU
		{97842CDD-C9D4-4D46-8624-F795A4A57894}.Ad-Hoc|x86.Deploy.0 = Release|Any CPU
		{97842CDD-C9D4-4D46-8624-F795A4A57894}.AppStore|Any CPU.ActiveCfg = Release|Any CPU
		{97842CDD-C9D4-4D46-8624-F795A4A57894}.AppStore|Any CPU.Build.0 = Release|Any CPU
		{97842CDD-C9D4-4D46-8624-F795A4A57894}.AppStore|Any CPU.Deploy.0 = Release|Any CPU
		{97842CDD-C9D4-4D46-8624-F795A4A57894}.AppStore|ARM.ActiveCfg = Release|Any CPU
		{97842CDD-C9D4-4D46-8624-F795A4A57894}.AppStore|ARM.Build.0 = Release|Any CPU
		{97842CDD-C9D4-4D46-8624-F795A4A57894}.AppStore|ARM.Deploy.0 = Release|Any CPU
		{97842CDD-C9D4-4D46-8624-F795A4A57894}.AppStore|iPhone.ActiveCfg = Release|Any CPU
		{97842CDD-C9D4-4D46-8624-F795A4A57894}.AppStore|iPhone.Build.0 = Release|Any CPU
		{97842CDD-C9D4-4D46-8624-F795A4A57894}.AppStore|iPhone.Deploy.0 = Release|Any CPU
		{97842CDD-C9D4-4D46-8624-F795A4A57894}.AppStore|iPhoneSimulator.ActiveCfg = Release|Any CPU
		{97842CDD-C9D4-4D46-8624-F795A4A57894}.AppStore|iPhoneSimulator.Build.0 = Release|Any CPU
		{97842CDD-C9D4-4D46-8624-F795A4A57894}.AppStore|iPhoneSimulator.Deploy.0 = Release|Any CPU
		{97842CDD-C9D4-4D46-8624-F795A4A57894}.AppStore|x64.ActiveCfg = Release|Any CPU
		{97842CDD-C9D4-4D46-8624-F795A4A57894}.AppStore|x64.Build.0 = Release|Any CPU
		{97842CDD-C9D4-4D46-8624-F795A4A57894}.AppStore|x64.Deploy.0 = Release|Any CPU
		{97842CDD-C9D4-4D46-8624-F795A4A57894}.AppStore|x86.ActiveCfg = Release|Any CPU
		{97842CDD-C9D4-4D46-8624-F795A4A57894}.AppStore|x86.Build.0 = Release|Any CPU
		{97842CDD-C9D4-4D46-8624-F795A4A57894}.AppStore|x86.Deploy.0 = Release|Any CPU
		{97842CDD-C9D4-4D46-8624-F795A4A57894}.Debug|Any CPU.ActiveCfg = Debug|Any CPU
		{97842CDD-C9D4-4D46-8624-F795A4A57894}.Debug|Any CPU.Build.0 = Debug|Any CPU
		{97842CDD-C9D4-4D46-8624-F795A4A57894}.Debug|Any CPU.Deploy.0 = Debug|Any CPU
		{97842CDD-C9D4-4D46-8624-F795A4A57894}.Debug|ARM.ActiveCfg = Debug|Any CPU
		{97842CDD-C9D4-4D46-8624-F795A4A57894}.Debug|ARM.Build.0 = Debug|Any CPU
		{97842CDD-C9D4-4D46-8624-F795A4A57894}.Debug|ARM.Deploy.0 = Debug|Any CPU
		{97842CDD-C9D4-4D46-8624-F795A4A57894}.Debug|iPhone.ActiveCfg = Debug|Any CPU
		{97842CDD-C9D4-4D46-8624-F795A4A57894}.Debug|iPhone.Build.0 = Debug|Any CPU
		{97842CDD-C9D4-4D46-8624-F795A4A57894}.Debug|iPhone.Deploy.0 = Debug|Any CPU
		{97842CDD-C9D4-4D46-8624-F795A4A57894}.Debug|iPhoneSimulator.ActiveCfg = Debug|Any CPU
		{97842CDD-C9D4-4D46-8624-F795A4A57894}.Debug|iPhoneSimulator.Build.0 = Debug|Any CPU
		{97842CDD-C9D4-4D46-8624-F795A4A57894}.Debug|iPhoneSimulator.Deploy.0 = Debug|Any CPU
		{97842CDD-C9D4-4D46-8624-F795A4A57894}.Debug|x64.ActiveCfg = Debug|Any CPU
		{97842CDD-C9D4-4D46-8624-F795A4A57894}.Debug|x64.Build.0 = Debug|Any CPU
		{97842CDD-C9D4-4D46-8624-F795A4A57894}.Debug|x64.Deploy.0 = Debug|Any CPU
		{97842CDD-C9D4-4D46-8624-F795A4A57894}.Debug|x86.ActiveCfg = Debug|Any CPU
		{97842CDD-C9D4-4D46-8624-F795A4A57894}.Debug|x86.Build.0 = Debug|Any CPU
		{97842CDD-C9D4-4D46-8624-F795A4A57894}.Debug|x86.Deploy.0 = Debug|Any CPU
		{97842CDD-C9D4-4D46-8624-F795A4A57894}.Release|Any CPU.ActiveCfg = Release|Any CPU
		{97842CDD-C9D4-4D46-8624-F795A4A57894}.Release|Any CPU.Build.0 = Release|Any CPU
		{97842CDD-C9D4-4D46-8624-F795A4A57894}.Release|Any CPU.Deploy.0 = Release|Any CPU
		{97842CDD-C9D4-4D46-8624-F795A4A57894}.Release|ARM.ActiveCfg = Release|Any CPU
		{97842CDD-C9D4-4D46-8624-F795A4A57894}.Release|ARM.Build.0 = Release|Any CPU
		{97842CDD-C9D4-4D46-8624-F795A4A57894}.Release|ARM.Deploy.0 = Release|Any CPU
		{97842CDD-C9D4-4D46-8624-F795A4A57894}.Release|iPhone.ActiveCfg = Release|Any CPU
		{97842CDD-C9D4-4D46-8624-F795A4A57894}.Release|iPhone.Build.0 = Release|Any CPU
		{97842CDD-C9D4-4D46-8624-F795A4A57894}.Release|iPhone.Deploy.0 = Release|Any CPU
		{97842CDD-C9D4-4D46-8624-F795A4A57894}.Release|iPhoneSimulator.ActiveCfg = Release|Any CPU
		{97842CDD-C9D4-4D46-8624-F795A4A57894}.Release|iPhoneSimulator.Build.0 = Release|Any CPU
		{97842CDD-C9D4-4D46-8624-F795A4A57894}.Release|iPhoneSimulator.Deploy.0 = Release|Any CPU
		{97842CDD-C9D4-4D46-8624-F795A4A57894}.Release|x64.ActiveCfg = Release|Any CPU
		{97842CDD-C9D4-4D46-8624-F795A4A57894}.Release|x64.Build.0 = Release|Any CPU
		{97842CDD-C9D4-4D46-8624-F795A4A57894}.Release|x64.Deploy.0 = Release|Any CPU
		{97842CDD-C9D4-4D46-8624-F795A4A57894}.Release|x86.ActiveCfg = Release|Any CPU
		{97842CDD-C9D4-4D46-8624-F795A4A57894}.Release|x86.Build.0 = Release|Any CPU
		{97842CDD-C9D4-4D46-8624-F795A4A57894}.Release|x86.Deploy.0 = Release|Any CPU
		{C32902EE-D0A6-491C-8F3B-D66D9EB5D449}.Ad-Hoc|Any CPU.ActiveCfg = Ad-Hoc|iPhone
		{C32902EE-D0A6-491C-8F3B-D66D9EB5D449}.Ad-Hoc|ARM.ActiveCfg = Ad-Hoc|iPhone
		{C32902EE-D0A6-491C-8F3B-D66D9EB5D449}.Ad-Hoc|iPhone.ActiveCfg = Ad-Hoc|iPhone
		{C32902EE-D0A6-491C-8F3B-D66D9EB5D449}.Ad-Hoc|iPhone.Build.0 = Ad-Hoc|iPhone
		{C32902EE-D0A6-491C-8F3B-D66D9EB5D449}.Ad-Hoc|iPhoneSimulator.ActiveCfg = Ad-Hoc|iPhoneSimulator
		{C32902EE-D0A6-491C-8F3B-D66D9EB5D449}.Ad-Hoc|iPhoneSimulator.Build.0 = Ad-Hoc|iPhoneSimulator
		{C32902EE-D0A6-491C-8F3B-D66D9EB5D449}.Ad-Hoc|x64.ActiveCfg = Ad-Hoc|iPhone
		{C32902EE-D0A6-491C-8F3B-D66D9EB5D449}.Ad-Hoc|x86.ActiveCfg = Ad-Hoc|iPhone
		{C32902EE-D0A6-491C-8F3B-D66D9EB5D449}.AppStore|Any CPU.ActiveCfg = AppStore|iPhone
		{C32902EE-D0A6-491C-8F3B-D66D9EB5D449}.AppStore|ARM.ActiveCfg = AppStore|iPhone
		{C32902EE-D0A6-491C-8F3B-D66D9EB5D449}.AppStore|iPhone.ActiveCfg = AppStore|iPhone
		{C32902EE-D0A6-491C-8F3B-D66D9EB5D449}.AppStore|iPhone.Build.0 = AppStore|iPhone
		{C32902EE-D0A6-491C-8F3B-D66D9EB5D449}.AppStore|iPhoneSimulator.ActiveCfg = AppStore|iPhoneSimulator
		{C32902EE-D0A6-491C-8F3B-D66D9EB5D449}.AppStore|iPhoneSimulator.Build.0 = AppStore|iPhoneSimulator
		{C32902EE-D0A6-491C-8F3B-D66D9EB5D449}.AppStore|x64.ActiveCfg = AppStore|iPhone
		{C32902EE-D0A6-491C-8F3B-D66D9EB5D449}.AppStore|x86.ActiveCfg = AppStore|iPhone
		{C32902EE-D0A6-491C-8F3B-D66D9EB5D449}.Debug|Any CPU.ActiveCfg = Debug|iPhone
		{C32902EE-D0A6-491C-8F3B-D66D9EB5D449}.Debug|ARM.ActiveCfg = Debug|iPhone
		{C32902EE-D0A6-491C-8F3B-D66D9EB5D449}.Debug|iPhone.ActiveCfg = Debug|iPhone
		{C32902EE-D0A6-491C-8F3B-D66D9EB5D449}.Debug|iPhone.Build.0 = Debug|iPhone
		{C32902EE-D0A6-491C-8F3B-D66D9EB5D449}.Debug|iPhoneSimulator.ActiveCfg = Debug|iPhoneSimulator
		{C32902EE-D0A6-491C-8F3B-D66D9EB5D449}.Debug|iPhoneSimulator.Build.0 = Debug|iPhoneSimulator
		{C32902EE-D0A6-491C-8F3B-D66D9EB5D449}.Debug|x64.ActiveCfg = Debug|iPhone
		{C32902EE-D0A6-491C-8F3B-D66D9EB5D449}.Debug|x86.ActiveCfg = Debug|iPhone
		{C32902EE-D0A6-491C-8F3B-D66D9EB5D449}.Release|Any CPU.ActiveCfg = Release|iPhone
		{C32902EE-D0A6-491C-8F3B-D66D9EB5D449}.Release|ARM.ActiveCfg = Release|iPhone
		{C32902EE-D0A6-491C-8F3B-D66D9EB5D449}.Release|iPhone.ActiveCfg = Release|iPhone
		{C32902EE-D0A6-491C-8F3B-D66D9EB5D449}.Release|iPhone.Build.0 = Release|iPhone
		{C32902EE-D0A6-491C-8F3B-D66D9EB5D449}.Release|iPhoneSimulator.ActiveCfg = Release|iPhoneSimulator
		{C32902EE-D0A6-491C-8F3B-D66D9EB5D449}.Release|iPhoneSimulator.Build.0 = Release|iPhoneSimulator
		{C32902EE-D0A6-491C-8F3B-D66D9EB5D449}.Release|x64.ActiveCfg = Release|iPhone
		{C32902EE-D0A6-491C-8F3B-D66D9EB5D449}.Release|x86.ActiveCfg = Release|iPhone
		{06CDBC6E-539F-4E75-88E1-FBCEB130DD98}.Ad-Hoc|Any CPU.ActiveCfg = Release|x86
		{06CDBC6E-539F-4E75-88E1-FBCEB130DD98}.Ad-Hoc|Any CPU.Build.0 = Release|x86
		{06CDBC6E-539F-4E75-88E1-FBCEB130DD98}.Ad-Hoc|Any CPU.Deploy.0 = Release|x86
		{06CDBC6E-539F-4E75-88E1-FBCEB130DD98}.Ad-Hoc|ARM.ActiveCfg = Release|ARM
		{06CDBC6E-539F-4E75-88E1-FBCEB130DD98}.Ad-Hoc|ARM.Build.0 = Release|ARM
		{06CDBC6E-539F-4E75-88E1-FBCEB130DD98}.Ad-Hoc|ARM.Deploy.0 = Release|ARM
		{06CDBC6E-539F-4E75-88E1-FBCEB130DD98}.Ad-Hoc|iPhone.ActiveCfg = Release|x86
		{06CDBC6E-539F-4E75-88E1-FBCEB130DD98}.Ad-Hoc|iPhone.Build.0 = Release|x86
		{06CDBC6E-539F-4E75-88E1-FBCEB130DD98}.Ad-Hoc|iPhone.Deploy.0 = Release|x86
		{06CDBC6E-539F-4E75-88E1-FBCEB130DD98}.Ad-Hoc|iPhoneSimulator.ActiveCfg = Release|x86
		{06CDBC6E-539F-4E75-88E1-FBCEB130DD98}.Ad-Hoc|iPhoneSimulator.Build.0 = Release|x86
		{06CDBC6E-539F-4E75-88E1-FBCEB130DD98}.Ad-Hoc|iPhoneSimulator.Deploy.0 = Release|x86
		{06CDBC6E-539F-4E75-88E1-FBCEB130DD98}.Ad-Hoc|x64.ActiveCfg = Release|x64
		{06CDBC6E-539F-4E75-88E1-FBCEB130DD98}.Ad-Hoc|x64.Build.0 = Release|x64
		{06CDBC6E-539F-4E75-88E1-FBCEB130DD98}.Ad-Hoc|x64.Deploy.0 = Release|x64
		{06CDBC6E-539F-4E75-88E1-FBCEB130DD98}.Ad-Hoc|x86.ActiveCfg = Release|x86
		{06CDBC6E-539F-4E75-88E1-FBCEB130DD98}.Ad-Hoc|x86.Build.0 = Release|x86
		{06CDBC6E-539F-4E75-88E1-FBCEB130DD98}.Ad-Hoc|x86.Deploy.0 = Release|x86
		{06CDBC6E-539F-4E75-88E1-FBCEB130DD98}.AppStore|Any CPU.ActiveCfg = Release|x86
		{06CDBC6E-539F-4E75-88E1-FBCEB130DD98}.AppStore|Any CPU.Build.0 = Release|x86
		{06CDBC6E-539F-4E75-88E1-FBCEB130DD98}.AppStore|Any CPU.Deploy.0 = Release|x86
		{06CDBC6E-539F-4E75-88E1-FBCEB130DD98}.AppStore|ARM.ActiveCfg = Release|ARM
		{06CDBC6E-539F-4E75-88E1-FBCEB130DD98}.AppStore|ARM.Build.0 = Release|ARM
		{06CDBC6E-539F-4E75-88E1-FBCEB130DD98}.AppStore|ARM.Deploy.0 = Release|ARM
		{06CDBC6E-539F-4E75-88E1-FBCEB130DD98}.AppStore|iPhone.ActiveCfg = Release|x86
		{06CDBC6E-539F-4E75-88E1-FBCEB130DD98}.AppStore|iPhone.Build.0 = Release|x86
		{06CDBC6E-539F-4E75-88E1-FBCEB130DD98}.AppStore|iPhone.Deploy.0 = Release|x86
		{06CDBC6E-539F-4E75-88E1-FBCEB130DD98}.AppStore|iPhoneSimulator.ActiveCfg = Release|x86
		{06CDBC6E-539F-4E75-88E1-FBCEB130DD98}.AppStore|iPhoneSimulator.Build.0 = Release|x86
		{06CDBC6E-539F-4E75-88E1-FBCEB130DD98}.AppStore|iPhoneSimulator.Deploy.0 = Release|x86
		{06CDBC6E-539F-4E75-88E1-FBCEB130DD98}.AppStore|x64.ActiveCfg = Release|x64
		{06CDBC6E-539F-4E75-88E1-FBCEB130DD98}.AppStore|x64.Build.0 = Release|x64
		{06CDBC6E-539F-4E75-88E1-FBCEB130DD98}.AppStore|x64.Deploy.0 = Release|x64
		{06CDBC6E-539F-4E75-88E1-FBCEB130DD98}.AppStore|x86.ActiveCfg = Release|x86
		{06CDBC6E-539F-4E75-88E1-FBCEB130DD98}.AppStore|x86.Build.0 = Release|x86
		{06CDBC6E-539F-4E75-88E1-FBCEB130DD98}.AppStore|x86.Deploy.0 = Release|x86
		{06CDBC6E-539F-4E75-88E1-FBCEB130DD98}.Debug|Any CPU.ActiveCfg = Debug|x86
		{06CDBC6E-539F-4E75-88E1-FBCEB130DD98}.Debug|Any CPU.Build.0 = Debug|x86
		{06CDBC6E-539F-4E75-88E1-FBCEB130DD98}.Debug|Any CPU.Deploy.0 = Debug|x86
		{06CDBC6E-539F-4E75-88E1-FBCEB130DD98}.Debug|ARM.ActiveCfg = Debug|ARM
		{06CDBC6E-539F-4E75-88E1-FBCEB130DD98}.Debug|ARM.Build.0 = Debug|ARM
		{06CDBC6E-539F-4E75-88E1-FBCEB130DD98}.Debug|ARM.Deploy.0 = Debug|ARM
		{06CDBC6E-539F-4E75-88E1-FBCEB130DD98}.Debug|iPhone.ActiveCfg = Debug|x86
		{06CDBC6E-539F-4E75-88E1-FBCEB130DD98}.Debug|iPhoneSimulator.ActiveCfg = Debug|x86
		{06CDBC6E-539F-4E75-88E1-FBCEB130DD98}.Debug|x64.ActiveCfg = Debug|x64
		{06CDBC6E-539F-4E75-88E1-FBCEB130DD98}.Debug|x64.Build.0 = Debug|x64
		{06CDBC6E-539F-4E75-88E1-FBCEB130DD98}.Debug|x64.Deploy.0 = Debug|x64
		{06CDBC6E-539F-4E75-88E1-FBCEB130DD98}.Debug|x86.ActiveCfg = Debug|x86
		{06CDBC6E-539F-4E75-88E1-FBCEB130DD98}.Debug|x86.Build.0 = Debug|x86
		{06CDBC6E-539F-4E75-88E1-FBCEB130DD98}.Debug|x86.Deploy.0 = Debug|x86
		{06CDBC6E-539F-4E75-88E1-FBCEB130DD98}.Release|Any CPU.ActiveCfg = Release|x86
		{06CDBC6E-539F-4E75-88E1-FBCEB130DD98}.Release|Any CPU.Build.0 = Release|x86
		{06CDBC6E-539F-4E75-88E1-FBCEB130DD98}.Release|Any CPU.Deploy.0 = Release|x86
		{06CDBC6E-539F-4E75-88E1-FBCEB130DD98}.Release|ARM.ActiveCfg = Release|ARM
		{06CDBC6E-539F-4E75-88E1-FBCEB130DD98}.Release|ARM.Build.0 = Release|ARM
		{06CDBC6E-539F-4E75-88E1-FBCEB130DD98}.Release|ARM.Deploy.0 = Release|ARM
		{06CDBC6E-539F-4E75-88E1-FBCEB130DD98}.Release|iPhone.ActiveCfg = Release|x86
		{06CDBC6E-539F-4E75-88E1-FBCEB130DD98}.Release|iPhoneSimulator.ActiveCfg = Release|x86
		{06CDBC6E-539F-4E75-88E1-FBCEB130DD98}.Release|x64.ActiveCfg = Release|x64
		{06CDBC6E-539F-4E75-88E1-FBCEB130DD98}.Release|x64.Build.0 = Release|x64
		{06CDBC6E-539F-4E75-88E1-FBCEB130DD98}.Release|x64.Deploy.0 = Release|x64
		{06CDBC6E-539F-4E75-88E1-FBCEB130DD98}.Release|x86.ActiveCfg = Release|x86
		{06CDBC6E-539F-4E75-88E1-FBCEB130DD98}.Release|x86.Build.0 = Release|x86
		{06CDBC6E-539F-4E75-88E1-FBCEB130DD98}.Release|x86.Deploy.0 = Release|x86
		{4991CA57-DAA7-4A8E-A2F6-34C12CF3D384}.Ad-Hoc|Any CPU.ActiveCfg = Release|Any CPU
		{4991CA57-DAA7-4A8E-A2F6-34C12CF3D384}.Ad-Hoc|Any CPU.Build.0 = Release|Any CPU
		{4991CA57-DAA7-4A8E-A2F6-34C12CF3D384}.Ad-Hoc|Any CPU.Deploy.0 = Release|Any CPU
		{4991CA57-DAA7-4A8E-A2F6-34C12CF3D384}.Ad-Hoc|ARM.ActiveCfg = Release|ARM
		{4991CA57-DAA7-4A8E-A2F6-34C12CF3D384}.Ad-Hoc|ARM.Build.0 = Release|ARM
		{4991CA57-DAA7-4A8E-A2F6-34C12CF3D384}.Ad-Hoc|ARM.Deploy.0 = Release|ARM
		{4991CA57-DAA7-4A8E-A2F6-34C12CF3D384}.Ad-Hoc|iPhone.ActiveCfg = Release|Any CPU
		{4991CA57-DAA7-4A8E-A2F6-34C12CF3D384}.Ad-Hoc|iPhone.Build.0 = Release|Any CPU
		{4991CA57-DAA7-4A8E-A2F6-34C12CF3D384}.Ad-Hoc|iPhone.Deploy.0 = Release|Any CPU
		{4991CA57-DAA7-4A8E-A2F6-34C12CF3D384}.Ad-Hoc|iPhoneSimulator.ActiveCfg = Release|Any CPU
		{4991CA57-DAA7-4A8E-A2F6-34C12CF3D384}.Ad-Hoc|iPhoneSimulator.Build.0 = Release|Any CPU
		{4991CA57-DAA7-4A8E-A2F6-34C12CF3D384}.Ad-Hoc|iPhoneSimulator.Deploy.0 = Release|Any CPU
		{4991CA57-DAA7-4A8E-A2F6-34C12CF3D384}.Ad-Hoc|x64.ActiveCfg = Release|x64
		{4991CA57-DAA7-4A8E-A2F6-34C12CF3D384}.Ad-Hoc|x64.Build.0 = Release|x64
		{4991CA57-DAA7-4A8E-A2F6-34C12CF3D384}.Ad-Hoc|x64.Deploy.0 = Release|x64
		{4991CA57-DAA7-4A8E-A2F6-34C12CF3D384}.Ad-Hoc|x86.ActiveCfg = Release|x86
		{4991CA57-DAA7-4A8E-A2F6-34C12CF3D384}.Ad-Hoc|x86.Build.0 = Release|x86
		{4991CA57-DAA7-4A8E-A2F6-34C12CF3D384}.Ad-Hoc|x86.Deploy.0 = Release|x86
		{4991CA57-DAA7-4A8E-A2F6-34C12CF3D384}.AppStore|Any CPU.ActiveCfg = Release|Any CPU
		{4991CA57-DAA7-4A8E-A2F6-34C12CF3D384}.AppStore|Any CPU.Build.0 = Release|Any CPU
		{4991CA57-DAA7-4A8E-A2F6-34C12CF3D384}.AppStore|Any CPU.Deploy.0 = Release|Any CPU
		{4991CA57-DAA7-4A8E-A2F6-34C12CF3D384}.AppStore|ARM.ActiveCfg = Release|ARM
		{4991CA57-DAA7-4A8E-A2F6-34C12CF3D384}.AppStore|ARM.Build.0 = Release|ARM
		{4991CA57-DAA7-4A8E-A2F6-34C12CF3D384}.AppStore|ARM.Deploy.0 = Release|ARM
		{4991CA57-DAA7-4A8E-A2F6-34C12CF3D384}.AppStore|iPhone.ActiveCfg = Release|Any CPU
		{4991CA57-DAA7-4A8E-A2F6-34C12CF3D384}.AppStore|iPhone.Build.0 = Release|Any CPU
		{4991CA57-DAA7-4A8E-A2F6-34C12CF3D384}.AppStore|iPhone.Deploy.0 = Release|Any CPU
		{4991CA57-DAA7-4A8E-A2F6-34C12CF3D384}.AppStore|iPhoneSimulator.ActiveCfg = Release|Any CPU
		{4991CA57-DAA7-4A8E-A2F6-34C12CF3D384}.AppStore|iPhoneSimulator.Build.0 = Release|Any CPU
		{4991CA57-DAA7-4A8E-A2F6-34C12CF3D384}.AppStore|iPhoneSimulator.Deploy.0 = Release|Any CPU
		{4991CA57-DAA7-4A8E-A2F6-34C12CF3D384}.AppStore|x64.ActiveCfg = Release|x64
		{4991CA57-DAA7-4A8E-A2F6-34C12CF3D384}.AppStore|x64.Build.0 = Release|x64
		{4991CA57-DAA7-4A8E-A2F6-34C12CF3D384}.AppStore|x64.Deploy.0 = Release|x64
		{4991CA57-DAA7-4A8E-A2F6-34C12CF3D384}.AppStore|x86.ActiveCfg = Release|x86
		{4991CA57-DAA7-4A8E-A2F6-34C12CF3D384}.AppStore|x86.Build.0 = Release|x86
		{4991CA57-DAA7-4A8E-A2F6-34C12CF3D384}.AppStore|x86.Deploy.0 = Release|x86
		{4991CA57-DAA7-4A8E-A2F6-34C12CF3D384}.Debug|Any CPU.ActiveCfg = Debug|Any CPU
		{4991CA57-DAA7-4A8E-A2F6-34C12CF3D384}.Debug|Any CPU.Build.0 = Debug|Any CPU
		{4991CA57-DAA7-4A8E-A2F6-34C12CF3D384}.Debug|Any CPU.Deploy.0 = Debug|Any CPU
		{4991CA57-DAA7-4A8E-A2F6-34C12CF3D384}.Debug|ARM.ActiveCfg = Debug|ARM
		{4991CA57-DAA7-4A8E-A2F6-34C12CF3D384}.Debug|ARM.Build.0 = Debug|ARM
		{4991CA57-DAA7-4A8E-A2F6-34C12CF3D384}.Debug|ARM.Deploy.0 = Debug|ARM
		{4991CA57-DAA7-4A8E-A2F6-34C12CF3D384}.Debug|iPhone.ActiveCfg = Debug|Any CPU
		{4991CA57-DAA7-4A8E-A2F6-34C12CF3D384}.Debug|iPhone.Build.0 = Debug|Any CPU
		{4991CA57-DAA7-4A8E-A2F6-34C12CF3D384}.Debug|iPhone.Deploy.0 = Debug|Any CPU
		{4991CA57-DAA7-4A8E-A2F6-34C12CF3D384}.Debug|iPhoneSimulator.ActiveCfg = Debug|Any CPU
		{4991CA57-DAA7-4A8E-A2F6-34C12CF3D384}.Debug|iPhoneSimulator.Build.0 = Debug|Any CPU
		{4991CA57-DAA7-4A8E-A2F6-34C12CF3D384}.Debug|iPhoneSimulator.Deploy.0 = Debug|Any CPU
		{4991CA57-DAA7-4A8E-A2F6-34C12CF3D384}.Debug|x64.ActiveCfg = Debug|x64
		{4991CA57-DAA7-4A8E-A2F6-34C12CF3D384}.Debug|x64.Build.0 = Debug|x64
		{4991CA57-DAA7-4A8E-A2F6-34C12CF3D384}.Debug|x64.Deploy.0 = Debug|x64
		{4991CA57-DAA7-4A8E-A2F6-34C12CF3D384}.Debug|x86.ActiveCfg = Debug|x86
		{4991CA57-DAA7-4A8E-A2F6-34C12CF3D384}.Debug|x86.Build.0 = Debug|x86
		{4991CA57-DAA7-4A8E-A2F6-34C12CF3D384}.Debug|x86.Deploy.0 = Debug|x86
		{4991CA57-DAA7-4A8E-A2F6-34C12CF3D384}.Release|Any CPU.ActiveCfg = Release|Any CPU
		{4991CA57-DAA7-4A8E-A2F6-34C12CF3D384}.Release|Any CPU.Build.0 = Release|Any CPU
		{4991CA57-DAA7-4A8E-A2F6-34C12CF3D384}.Release|Any CPU.Deploy.0 = Release|Any CPU
		{4991CA57-DAA7-4A8E-A2F6-34C12CF3D384}.Release|ARM.ActiveCfg = Release|ARM
		{4991CA57-DAA7-4A8E-A2F6-34C12CF3D384}.Release|ARM.Build.0 = Release|ARM
		{4991CA57-DAA7-4A8E-A2F6-34C12CF3D384}.Release|ARM.Deploy.0 = Release|ARM
		{4991CA57-DAA7-4A8E-A2F6-34C12CF3D384}.Release|iPhone.ActiveCfg = Release|Any CPU
		{4991CA57-DAA7-4A8E-A2F6-34C12CF3D384}.Release|iPhone.Build.0 = Release|Any CPU
		{4991CA57-DAA7-4A8E-A2F6-34C12CF3D384}.Release|iPhone.Deploy.0 = Release|Any CPU
		{4991CA57-DAA7-4A8E-A2F6-34C12CF3D384}.Release|iPhoneSimulator.ActiveCfg = Release|Any CPU
		{4991CA57-DAA7-4A8E-A2F6-34C12CF3D384}.Release|iPhoneSimulator.Build.0 = Release|Any CPU
		{4991CA57-DAA7-4A8E-A2F6-34C12CF3D384}.Release|iPhoneSimulator.Deploy.0 = Release|Any CPU
		{4991CA57-DAA7-4A8E-A2F6-34C12CF3D384}.Release|x64.ActiveCfg = Release|x64
		{4991CA57-DAA7-4A8E-A2F6-34C12CF3D384}.Release|x64.Build.0 = Release|x64
		{4991CA57-DAA7-4A8E-A2F6-34C12CF3D384}.Release|x64.Deploy.0 = Release|x64
		{4991CA57-DAA7-4A8E-A2F6-34C12CF3D384}.Release|x86.ActiveCfg = Release|x86
		{4991CA57-DAA7-4A8E-A2F6-34C12CF3D384}.Release|x86.Build.0 = Release|x86
		{4991CA57-DAA7-4A8E-A2F6-34C12CF3D384}.Release|x86.Deploy.0 = Release|x86
		{2EC2E5E0-FB5C-4A76-A0C2-182C17E09476}.Ad-Hoc|Any CPU.ActiveCfg = Release|Any CPU
		{2EC2E5E0-FB5C-4A76-A0C2-182C17E09476}.Ad-Hoc|Any CPU.Build.0 = Release|Any CPU
		{2EC2E5E0-FB5C-4A76-A0C2-182C17E09476}.Ad-Hoc|Any CPU.Deploy.0 = Release|Any CPU
		{2EC2E5E0-FB5C-4A76-A0C2-182C17E09476}.Ad-Hoc|ARM.ActiveCfg = Release|ARM
		{2EC2E5E0-FB5C-4A76-A0C2-182C17E09476}.Ad-Hoc|ARM.Build.0 = Release|ARM
		{2EC2E5E0-FB5C-4A76-A0C2-182C17E09476}.Ad-Hoc|ARM.Deploy.0 = Release|ARM
		{2EC2E5E0-FB5C-4A76-A0C2-182C17E09476}.Ad-Hoc|iPhone.ActiveCfg = Release|Any CPU
		{2EC2E5E0-FB5C-4A76-A0C2-182C17E09476}.Ad-Hoc|iPhone.Build.0 = Release|Any CPU
		{2EC2E5E0-FB5C-4A76-A0C2-182C17E09476}.Ad-Hoc|iPhone.Deploy.0 = Release|Any CPU
		{2EC2E5E0-FB5C-4A76-A0C2-182C17E09476}.Ad-Hoc|iPhoneSimulator.ActiveCfg = Release|Any CPU
		{2EC2E5E0-FB5C-4A76-A0C2-182C17E09476}.Ad-Hoc|iPhoneSimulator.Build.0 = Release|Any CPU
		{2EC2E5E0-FB5C-4A76-A0C2-182C17E09476}.Ad-Hoc|iPhoneSimulator.Deploy.0 = Release|Any CPU
		{2EC2E5E0-FB5C-4A76-A0C2-182C17E09476}.Ad-Hoc|x64.ActiveCfg = Release|Any CPU
		{2EC2E5E0-FB5C-4A76-A0C2-182C17E09476}.Ad-Hoc|x64.Build.0 = Release|Any CPU
		{2EC2E5E0-FB5C-4A76-A0C2-182C17E09476}.Ad-Hoc|x64.Deploy.0 = Release|Any CPU
		{2EC2E5E0-FB5C-4A76-A0C2-182C17E09476}.Ad-Hoc|x86.ActiveCfg = Release|x86
		{2EC2E5E0-FB5C-4A76-A0C2-182C17E09476}.Ad-Hoc|x86.Build.0 = Release|x86
		{2EC2E5E0-FB5C-4A76-A0C2-182C17E09476}.Ad-Hoc|x86.Deploy.0 = Release|x86
		{2EC2E5E0-FB5C-4A76-A0C2-182C17E09476}.AppStore|Any CPU.ActiveCfg = Release|Any CPU
		{2EC2E5E0-FB5C-4A76-A0C2-182C17E09476}.AppStore|Any CPU.Build.0 = Release|Any CPU
		{2EC2E5E0-FB5C-4A76-A0C2-182C17E09476}.AppStore|Any CPU.Deploy.0 = Release|Any CPU
		{2EC2E5E0-FB5C-4A76-A0C2-182C17E09476}.AppStore|ARM.ActiveCfg = Release|ARM
		{2EC2E5E0-FB5C-4A76-A0C2-182C17E09476}.AppStore|ARM.Build.0 = Release|ARM
		{2EC2E5E0-FB5C-4A76-A0C2-182C17E09476}.AppStore|ARM.Deploy.0 = Release|ARM
		{2EC2E5E0-FB5C-4A76-A0C2-182C17E09476}.AppStore|iPhone.ActiveCfg = Release|Any CPU
		{2EC2E5E0-FB5C-4A76-A0C2-182C17E09476}.AppStore|iPhone.Build.0 = Release|Any CPU
		{2EC2E5E0-FB5C-4A76-A0C2-182C17E09476}.AppStore|iPhone.Deploy.0 = Release|Any CPU
		{2EC2E5E0-FB5C-4A76-A0C2-182C17E09476}.AppStore|iPhoneSimulator.ActiveCfg = Release|Any CPU
		{2EC2E5E0-FB5C-4A76-A0C2-182C17E09476}.AppStore|iPhoneSimulator.Build.0 = Release|Any CPU
		{2EC2E5E0-FB5C-4A76-A0C2-182C17E09476}.AppStore|iPhoneSimulator.Deploy.0 = Release|Any CPU
		{2EC2E5E0-FB5C-4A76-A0C2-182C17E09476}.AppStore|x64.ActiveCfg = Release|Any CPU
		{2EC2E5E0-FB5C-4A76-A0C2-182C17E09476}.AppStore|x64.Build.0 = Release|Any CPU
		{2EC2E5E0-FB5C-4A76-A0C2-182C17E09476}.AppStore|x64.Deploy.0 = Release|Any CPU
		{2EC2E5E0-FB5C-4A76-A0C2-182C17E09476}.AppStore|x86.ActiveCfg = Release|x86
		{2EC2E5E0-FB5C-4A76-A0C2-182C17E09476}.AppStore|x86.Build.0 = Release|x86
		{2EC2E5E0-FB5C-4A76-A0C2-182C17E09476}.AppStore|x86.Deploy.0 = Release|x86
		{2EC2E5E0-FB5C-4A76-A0C2-182C17E09476}.Debug|Any CPU.ActiveCfg = Debug|Any CPU
		{2EC2E5E0-FB5C-4A76-A0C2-182C17E09476}.Debug|Any CPU.Build.0 = Debug|Any CPU
		{2EC2E5E0-FB5C-4A76-A0C2-182C17E09476}.Debug|Any CPU.Deploy.0 = Debug|Any CPU
		{2EC2E5E0-FB5C-4A76-A0C2-182C17E09476}.Debug|ARM.ActiveCfg = Debug|ARM
		{2EC2E5E0-FB5C-4A76-A0C2-182C17E09476}.Debug|ARM.Build.0 = Debug|ARM
		{2EC2E5E0-FB5C-4A76-A0C2-182C17E09476}.Debug|ARM.Deploy.0 = Debug|ARM
		{2EC2E5E0-FB5C-4A76-A0C2-182C17E09476}.Debug|iPhone.ActiveCfg = Debug|Any CPU
		{2EC2E5E0-FB5C-4A76-A0C2-182C17E09476}.Debug|iPhone.Build.0 = Debug|Any CPU
		{2EC2E5E0-FB5C-4A76-A0C2-182C17E09476}.Debug|iPhone.Deploy.0 = Debug|Any CPU
		{2EC2E5E0-FB5C-4A76-A0C2-182C17E09476}.Debug|iPhoneSimulator.ActiveCfg = Debug|Any CPU
		{2EC2E5E0-FB5C-4A76-A0C2-182C17E09476}.Debug|iPhoneSimulator.Build.0 = Debug|Any CPU
		{2EC2E5E0-FB5C-4A76-A0C2-182C17E09476}.Debug|iPhoneSimulator.Deploy.0 = Debug|Any CPU
		{2EC2E5E0-FB5C-4A76-A0C2-182C17E09476}.Debug|x64.ActiveCfg = Debug|Any CPU
		{2EC2E5E0-FB5C-4A76-A0C2-182C17E09476}.Debug|x64.Build.0 = Debug|Any CPU
		{2EC2E5E0-FB5C-4A76-A0C2-182C17E09476}.Debug|x64.Deploy.0 = Debug|Any CPU
		{2EC2E5E0-FB5C-4A76-A0C2-182C17E09476}.Debug|x86.ActiveCfg = Debug|x86
		{2EC2E5E0-FB5C-4A76-A0C2-182C17E09476}.Debug|x86.Build.0 = Debug|x86
		{2EC2E5E0-FB5C-4A76-A0C2-182C17E09476}.Debug|x86.Deploy.0 = Debug|x86
		{2EC2E5E0-FB5C-4A76-A0C2-182C17E09476}.Release|Any CPU.ActiveCfg = Release|Any CPU
		{2EC2E5E0-FB5C-4A76-A0C2-182C17E09476}.Release|Any CPU.Build.0 = Release|Any CPU
		{2EC2E5E0-FB5C-4A76-A0C2-182C17E09476}.Release|Any CPU.Deploy.0 = Release|Any CPU
		{2EC2E5E0-FB5C-4A76-A0C2-182C17E09476}.Release|ARM.ActiveCfg = Release|ARM
		{2EC2E5E0-FB5C-4A76-A0C2-182C17E09476}.Release|ARM.Build.0 = Release|ARM
		{2EC2E5E0-FB5C-4A76-A0C2-182C17E09476}.Release|ARM.Deploy.0 = Release|ARM
		{2EC2E5E0-FB5C-4A76-A0C2-182C17E09476}.Release|iPhone.ActiveCfg = Release|Any CPU
		{2EC2E5E0-FB5C-4A76-A0C2-182C17E09476}.Release|iPhone.Build.0 = Release|Any CPU
		{2EC2E5E0-FB5C-4A76-A0C2-182C17E09476}.Release|iPhone.Deploy.0 = Release|Any CPU
		{2EC2E5E0-FB5C-4A76-A0C2-182C17E09476}.Release|iPhoneSimulator.ActiveCfg = Release|Any CPU
		{2EC2E5E0-FB5C-4A76-A0C2-182C17E09476}.Release|iPhoneSimulator.Build.0 = Release|Any CPU
		{2EC2E5E0-FB5C-4A76-A0C2-182C17E09476}.Release|iPhoneSimulator.Deploy.0 = Release|Any CPU
		{2EC2E5E0-FB5C-4A76-A0C2-182C17E09476}.Release|x64.ActiveCfg = Release|Any CPU
		{2EC2E5E0-FB5C-4A76-A0C2-182C17E09476}.Release|x64.Build.0 = Release|Any CPU
		{2EC2E5E0-FB5C-4A76-A0C2-182C17E09476}.Release|x64.Deploy.0 = Release|Any CPU
		{2EC2E5E0-FB5C-4A76-A0C2-182C17E09476}.Release|x86.ActiveCfg = Release|x86
		{2EC2E5E0-FB5C-4A76-A0C2-182C17E09476}.Release|x86.Build.0 = Release|x86
		{2EC2E5E0-FB5C-4A76-A0C2-182C17E09476}.Release|x86.Deploy.0 = Release|x86
	EndGlobalSection
	GlobalSection(SolutionProperties) = preSolution
		HideSolutionNode = FALSE
	EndGlobalSection
EndGlobal
